<?xml version="1.0" encoding="utf-8"?>
<Project ToolsVersion="4.0" xmlns="http://schemas.microsoft.com/developer/msbuild/2003">
  <ItemGroup>
    <Filter Include="Common">
      <UniqueIdentifier>953a950d-8f23-49c6-b64f-5e4a032f2f13</UniqueIdentifier>
    </Filter>
    <Filter Include="Assets">
      <UniqueIdentifier>1c4a63d8-8be7-4206-8e9b-c5c8bc272bb0</UniqueIdentifier>
      <Extensions>ico;cur;bmp;dds;dlg;fbx;rct;bin;rgs;gif;jpg;jpeg;jpe;resx;tga;tiff;tif;png;wav;mfcribbon-ms</Extensions>
    </Filter>
    <Filter Include="Game">
      <UniqueIdentifier>{81e0afe9-ad4e-4f63-95a0-f6d4011481d2}</UniqueIdentifier>
    </Filter>
    <Filter Include="Resources">
      <UniqueIdentifier>{e07fced4-d323-4665-a6ef-0da58b0f46f4}</UniqueIdentifier>
    </Filter>
    <Filter Include="Resources\Fonts">
      <UniqueIdentifier>{582b0255-bd7f-4fbc-a35d-f8c13d2fbf14}</UniqueIdentifier>
    </Filter>
    <Filter Include="Resources\Textures">
      <UniqueIdentifier>{3c9cae57-ef8e-4d89-9ce8-daa682d325ba}</UniqueIdentifier>
    </Filter>
    <Filter Include="Resources\Icon">
      <UniqueIdentifier>{53043c45-2397-49b9-97e7-98faee0b0a41}</UniqueIdentifier>
    </Filter>
    <Filter Include="Resources\Models">
      <UniqueIdentifier>{4bb7f6ff-9803-4a2b-a0e8-bacbe656715d}</UniqueIdentifier>
    </Filter>
    <Filter Include="Libraries">
      <UniqueIdentifier>{c309d520-e3d0-40ec-859f-98ab4d9a9fd1}</UniqueIdentifier>
    </Filter>
    <Filter Include="Libraries\MyLib">
      <UniqueIdentifier>{a327e5ae-7623-4c97-9ac8-1d10ca95e8ca}</UniqueIdentifier>
    </Filter>
    <Filter Include="Libraries\Microsoft">
      <UniqueIdentifier>{3ad90921-3d35-490e-837c-bc326a24aeed}</UniqueIdentifier>
    </Filter>
    <Filter Include="Game\Scene">
      <UniqueIdentifier>{644b32a7-7d84-4f61-a3f0-3872a592dcfb}</UniqueIdentifier>
    </Filter>
  </ItemGroup>
  <ItemGroup>
    <ClInclude Include="pch.h" />
    <ClInclude Include="Game.h" />
    <ClInclude Include="StepTimer.h">
      <Filter>Common</Filter>
    </ClInclude>
    <ClInclude Include="DeviceResources.h">
      <Filter>Common</Filter>
    </ClInclude>
    <ClInclude Include="Game\CommonResources.h">
      <Filter>Game</Filter>
    </ClInclude>
    <ClInclude Include="Libraries\Microsoft\DebugDraw.h">
      <Filter>Libraries\Microsoft</Filter>
    </ClInclude>
    <ClInclude Include="Game\Screen.h">
      <Filter>Game</Filter>
    </ClInclude>
    <ClInclude Include="Libraries\MyLib\DebugCamera.h">
      <Filter>Libraries\MyLib</Filter>
    </ClInclude>
    <ClInclude Include="Libraries\MyLib\DebugString.h">
      <Filter>Libraries\MyLib</Filter>
    </ClInclude>
    <ClInclude Include="Libraries\MyLib\GridFloor.h">
      <Filter>Libraries\MyLib</Filter>
    </ClInclude>
    <ClInclude Include="Libraries\MyLib\InputManager.h">
      <Filter>Libraries\MyLib</Filter>
    </ClInclude>
    <ClInclude Include="Libraries\MyLib\MemoryLeakDetector.h">
      <Filter>Libraries\MyLib</Filter>
    </ClInclude>
    <ClInclude Include="Game\Scene\IScene.h">
      <Filter>Game\Scene</Filter>
    </ClInclude>
    <ClInclude Include="Game\Scene\TitleScene.h">
      <Filter>Game\Scene</Filter>
    </ClInclude>
    <ClInclude Include="Game\Scene\PlayScene.h">
      <Filter>Game\Scene</Filter>
    </ClInclude>
    <ClInclude Include="Game\Scene\SceneManager.h">
      <Filter>Game\Scene</Filter>
    </ClInclude>
  </ItemGroup>
  <ItemGroup>
    <ClCompile Include="pch.cpp" />
    <ClCompile Include="Game.cpp" />
    <ClCompile Include="Main.cpp" />
    <ClCompile Include="DeviceResources.cpp">
      <Filter>Common</Filter>
    </ClCompile>
    <ClCompile Include="Game\CommonResources.cpp">
      <Filter>Game</Filter>
    </ClCompile>
    <ClCompile Include="Libraries\Microsoft\DebugDraw.cpp">
      <Filter>Libraries\Microsoft</Filter>
    </ClCompile>
    <ClCompile Include="Libraries\MyLib\DebugCamera.cpp">
      <Filter>Libraries\MyLib</Filter>
    </ClCompile>
    <ClCompile Include="Libraries\MyLib\DebugString.cpp">
      <Filter>Libraries\MyLib</Filter>
    </ClCompile>
    <ClCompile Include="Libraries\MyLib\GridFloor.cpp">
      <Filter>Libraries\MyLib</Filter>
    </ClCompile>
    <ClCompile Include="Libraries\MyLib\InputManager.cpp">
      <Filter>Libraries\MyLib</Filter>
    </ClCompile>
    <ClCompile Include="Game\Scene\TitleScene.cpp">
      <Filter>Game\Scene</Filter>
    </ClCompile>
    <ClCompile Include="Game\Scene\PlayScene.cpp">
      <Filter>Game\Scene</Filter>
    </ClCompile>
    <ClCompile Include="Game\Scene\SceneManager.cpp">
      <Filter>Game\Scene</Filter>
    </ClCompile>
  </ItemGroup>
  <ItemGroup>
    <ResourceCompile Include="resource.rc" />
  </ItemGroup>
  <ItemGroup>
    <Image Include="directx.ico">
      <Filter>Assets</Filter>
    </Image>
  </ItemGroup>
  <ItemGroup>
    <Manifest Include="settings.manifest">
      <Filter>Assets</Filter>
    </Manifest>
  </ItemGroup>
  <ItemGroup>
    <None Include="packages.config" />
  </ItemGroup>
</Project>