<?xml version="1.0" encoding="utf-8"?>
<Project ToolsVersion="4.0" xmlns="http://schemas.microsoft.com/developer/msbuild/2003">
  <ItemGroup>
    <Filter Include="Common">
      <UniqueIdentifier>953a950d-8f23-49c6-b64f-5e4a032f2f13</UniqueIdentifier>
    </Filter>
    <Filter Include="Assets">
      <UniqueIdentifier>1c4a63d8-8be7-4206-8e9b-c5c8bc272bb0</UniqueIdentifier>
      <Extensions>ico;cur;bmp;dds;dlg;fbx;rct;bin;rgs;gif;jpg;jpeg;jpe;resx;tga;tiff;tif;png;wav;mfcribbon-ms</Extensions>
    </Filter>
    <Filter Include="Game">
      <UniqueIdentifier>{81e0afe9-ad4e-4f63-95a0-f6d4011481d2}</UniqueIdentifier>
    </Filter>
    <Filter Include="Resources">
      <UniqueIdentifier>{e07fced4-d323-4665-a6ef-0da58b0f46f4}</UniqueIdentifier>
    </Filter>
    <Filter Include="Resources\Fonts">
      <UniqueIdentifier>{582b0255-bd7f-4fbc-a35d-f8c13d2fbf14}</UniqueIdentifier>
    </Filter>
    <Filter Include="Resources\Textures">
      <UniqueIdentifier>{3c9cae57-ef8e-4d89-9ce8-daa682d325ba}</UniqueIdentifier>
    </Filter>
    <Filter Include="Resources\Icon">
      <UniqueIdentifier>{53043c45-2397-49b9-97e7-98faee0b0a41}</UniqueIdentifier>
    </Filter>
    <Filter Include="Resources\Models">
      <UniqueIdentifier>{4bb7f6ff-9803-4a2b-a0e8-bacbe656715d}</UniqueIdentifier>
    </Filter>
    <Filter Include="Libraries">
      <UniqueIdentifier>{c309d520-e3d0-40ec-859f-98ab4d9a9fd1}</UniqueIdentifier>
    </Filter>
    <Filter Include="Libraries\MyLib">
      <UniqueIdentifier>{a327e5ae-7623-4c97-9ac8-1d10ca95e8ca}</UniqueIdentifier>
    </Filter>
    <Filter Include="Libraries\Microsoft">
      <UniqueIdentifier>{3ad90921-3d35-490e-837c-bc326a24aeed}</UniqueIdentifier>
    </Filter>
    <Filter Include="Game\Scene">
      <UniqueIdentifier>{644b32a7-7d84-4f61-a3f0-3872a592dcfb}</UniqueIdentifier>
    </Filter>
  </ItemGroup>
  <ItemGroup>
    <ClInclude Include="pch.h" />
    <ClInclude Include="Game.h" />
    <ClInclude Include="StepTimer.h">
      <Filter>Common</Filter>
    </ClInclude>
    <ClInclude Include="DeviceResources.h">
      <Filter>Common</Filter>
    </ClInclude>
    <ClInclude Include="Libraries\Microsoft\DebugDraw.h">
      <Filter>Libraries\Microsoft</Filter>
    </ClInclude>
    <ClInclude Include="Game\Screen.h">
      <Filter>Game</Filter>
    </ClInclude>
    <ClInclude Include="Libraries\MyLib\DebugCamera.h">
      <Filter>Libraries\MyLib</Filter>
    </ClInclude>
    <ClInclude Include="Libraries\MyLib\DebugString.h">
      <Filter>Libraries\MyLib</Filter>
    </ClInclude>
    <ClInclude Include="Libraries\MyLib\MemoryLeakDetector.h">
      <Filter>Libraries\MyLib</Filter>
    </ClInclude>
    <ClInclude Include="Interface\IScene.h">
      <Filter>Game\Scene</Filter>
    </ClInclude>
    <ClInclude Include="Game\Scene\TitleScene.h">
      <Filter>Game\Scene</Filter>
    </ClInclude>
    <ClInclude Include="Game\Scene\PlayScene.h">
      <Filter>Game\Scene</Filter>
    </ClInclude>
    <ClInclude Include="Game\Scene\SceneManager.h">
      <Filter>Game\Scene</Filter>
    </ClInclude>
    <ClInclude Include="Framework\Graphics.h" />
    <ClInclude Include="Framework\Resources.h" />
    <ClInclude Include="Game\Objects\Stage\StageObject\SkySphere.h" />
    <ClInclude Include="Interface\IBullet.h" />
    <ClInclude Include="Game\Objects\Bullet\Bullet.h" />
    <ClInclude Include="Libraries\MyLib\FollowCamera.h" />
    <ClInclude Include="Game\Collider\SphereCollider.h" />
    <ClInclude Include="Game\Collider\BoxCollider.h" />
    <ClInclude Include="Game\UserInterface\HpGauge.h" />
    <ClInclude Include="Game\Objects\Bullet\CannonBall.h" />
    <ClInclude Include="Game\Scene\ResultScene.h" />
    <ClInclude Include="Framework\InputManager.h" />
    <ClInclude Include="Libraries\MyLib\Math.h" />
    <ClInclude Include="Game\UserInterface\EnemyHpGauge.h" />
    <ClInclude Include="Game\Objects\Stage\Wall.h" />
    <ClInclude Include="Libraries\MyLib\DebugLog.h" />
    <ClInclude Include="Game\UserInterface\DrawTexture.h" />
    <ClInclude Include="Game\Objects\Tank\TankBase\Tank.h" />
    <ClInclude Include="Interface\IObject.h" />
    <ClInclude Include="Game\Objects\Tank\TankBase\TankBody.h" />
    <ClInclude Include="Game\Objects\Tank\TankBase\TankCannon.h" />
    <ClInclude Include="Game\Objects\Tank\TankBase\TankTurret.h" />
    <ClInclude Include="Game\Objects\Tank\PlayerTank.h" />
    <ClInclude Include="Game\Objects\Tank\EnemyTanks\EnemyTank.h" />
    <ClInclude Include="Game\Objects\Stage\StageManager.h" />
    <ClInclude Include="Libraries\MyLib\BinaryFile.h" />
    <ClInclude Include="Game\UserInterface\MagazineUi.h" />
    <ClInclude Include="Libraries\Microsoft\ReadData.h" />
    <ClInclude Include="Libraries\Microsoft\RenderTexture.h" />
    <ClInclude Include="Game\Objects\Stage\Floor.h" />
    <ClInclude Include="Interface\IParent.h" />
    <ClInclude Include="Interface\IParts.h" />
    <ClInclude Include="Game\Objects\Stage\Gimmick\WallGimmick.h" />
    <ClInclude Include="Game\Objects\FixedTurret\FixedTurret.h" />
    <ClInclude Include="Game\Other\CollisionManager.h" />
    <ClInclude Include="Game\Other\SharedData.h" />
    <ClInclude Include="Libraries\MyLib\LockOnCamera.h" />
    <ClInclude Include="Game\EnemyAi\Patrol.h" />
    <ClInclude Include="Game\EnemyAi\Tracking.h" />
    <ClInclude Include="Game\EnemyAi\Attack.h" />
    <ClInclude Include="Game\EnemyAi\SelectAction.h" />
    <ClInclude Include="Game\Objects\Bullet\BulletTrail.h" />
    <ClInclude Include="Game\Particle\Smoke.h" />
    <ClInclude Include="Interface\IState.h" />
    <ClInclude Include="Game\Scene\Fade.h" />
    <ClInclude Include="Game\Scene\SelectScene.h" />
    <ClInclude Include="Libraries\MyLib\SoundManager.h" />
    <ClInclude Include="Game\Other\Sounds.h" />
    <ClInclude Include="Game\Particle\StageEffect.h" />
    <ClInclude Include="Game\Other\Parameter.h" />
    <ClInclude Include="Game\Particle\DamageEffect.h" />
    <ClInclude Include="Message\Message.h" />
    <ClInclude Include="Message\Messenger.h" />
    <ClInclude Include="Interface\IObserver.h" />
    <ClInclude Include="Game\Other\ProgressionManager.h" />
  </ItemGroup>
  <ItemGroup>
    <ClCompile Include="pch.cpp" />
    <ClCompile Include="Game.cpp" />
    <ClCompile Include="Main.cpp" />
    <ClCompile Include="DeviceResources.cpp">
      <Filter>Common</Filter>
    </ClCompile>
    <ClCompile Include="Libraries\Microsoft\DebugDraw.cpp">
      <Filter>Libraries\Microsoft</Filter>
    </ClCompile>
    <ClCompile Include="Libraries\MyLib\DebugCamera.cpp">
      <Filter>Libraries\MyLib</Filter>
    </ClCompile>
    <ClCompile Include="Libraries\MyLib\DebugString.cpp">
      <Filter>Libraries\MyLib</Filter>
    </ClCompile>
    <ClCompile Include="Game\Scene\TitleScene.cpp">
      <Filter>Game\Scene</Filter>
    </ClCompile>
    <ClCompile Include="Game\Scene\PlayScene.cpp">
      <Filter>Game\Scene</Filter>
    </ClCompile>
    <ClCompile Include="Game\Scene\SceneManager.cpp">
      <Filter>Game\Scene</Filter>
    </ClCompile>
    <ClCompile Include="Framework\Graphics.cpp" />
    <ClCompile Include="Framework\Resources.cpp" />
    <ClCompile Include="Game\Objects\Stage\StageObject\SkySphere.cpp" />
    <ClCompile Include="Game\Objects\Bullet\Bullet.cpp" />
    <ClCompile Include="Libraries\MyLib\FollowCamera.cpp" />
    <ClCompile Include="Game\Collider\SphereCollider.cpp" />
    <ClCompile Include="Game\Collider\BoxCollider.cpp" />
    <ClCompile Include="Game\UserInterface\HpGauge.cpp" />
    <ClCompile Include="Game\Objects\Bullet\CannonBall.cpp" />
    <ClCompile Include="Game\Scene\ResultScene.cpp" />
    <ClCompile Include="Framework\InputManager.cpp" />
    <ClCompile Include="Libraries\MyLib\Math.cpp" />
    <ClCompile Include="Game\UserInterface\EnemyHpGauge.cpp" />
    <ClCompile Include="Game\Objects\Stage\Wall.cpp" />
    <ClCompile Include="Libraries\MyLib\DebugLog.cpp" />
    <ClCompile Include="Game\UserInterface\DrawTexture.cpp" />
    <ClCompile Include="Game\Objects\Tank\TankBase\Tank.cpp" />
    <ClCompile Include="Game\Objects\Tank\TankBase\TankBody.cpp" />
    <ClCompile Include="Game\Objects\Tank\TankBase\TankCannon.cpp" />
    <ClCompile Include="Game\Objects\Tank\TankBase\TankTurret.cpp" />
    <ClCompile Include="Game\Objects\Tank\PlayerTank.cpp" />
    <ClCompile Include="Game\Objects\Tank\EnemyTanks\EnemyTank.cpp" />
    <ClCompile Include="Game\Objects\Stage\StageManager.cpp" />
    <ClCompile Include="Libraries\MyLib\BinaryFile.cpp" />
    <ClCompile Include="Game\UserInterface\MagazineUi.cpp" />
    <ClCompile Include="Libraries\Microsoft\RenderTexture.cpp" />
    <ClCompile Include="Game\Objects\Stage\Floor.cpp" />
    <ClCompile Include="Game\Objects\Stage\Gimmick\WallGimmick.cpp" />
    <ClCompile Include="Game\Objects\FixedTurret\FixedTurret.cpp" />
    <ClCompile Include="Game\Other\CollisionManager.cpp" />
    <ClCompile Include="Game\Other\SharedData.cpp" />
    <ClCompile Include="Libraries\MyLib\LockOnCamera.cpp" />
    <ClCompile Include="Game\EnemyAi\Patrol.cpp" />
    <ClCompile Include="Game\EnemyAi\Tracking.cpp" />
    <ClCompile Include="Game\EnemyAi\Attack.cpp" />
    <ClCompile Include="Game\EnemyAi\SelectAction.cpp" />
    <ClCompile Include="Game\Objects\Bullet\BulletTrail.cpp" />
    <ClCompile Include="Game\Particle\Smoke.cpp" />
    <ClCompile Include="Game\Scene\Fade.cpp" />
    <ClCompile Include="Game\Scene\SelectScene.cpp" />
    <ClCompile Include="Libraries\MyLib\SoundManager.cpp" />
    <ClCompile Include="Game\Particle\DamageEffect.cpp" />
    <ClCompile Include="Game\Particle\StageEffect.cpp" />
    <ClCompile Include="Game\Other\Parameter.cpp" />
    <ClCompile Include="Message\Messenger.cpp" />
    <ClCompile Include="Game\Other\ProgressionManager.cpp" />
  </ItemGroup>
  <ItemGroup>
    <ResourceCompile Include="resource.rc" />
  </ItemGroup>
  <ItemGroup>
    <Manifest Include="settings.manifest">
      <Filter>Assets</Filter>
    </Manifest>
  </ItemGroup>
  <ItemGroup>
    <None Include="packages.config" />
    <None Include="Game\Shader\Effect.hlsli" />
    <None Include="Game\Shader\Trail\BulletTrail.hlsli" />
  </ItemGroup>
  <ItemGroup>
    <FxCompile Include="Game\Shader\StageEffectPS.hlsl" />
    <FxCompile Include="Game\Shader\StageEffectVS.hlsl" />
    <FxCompile Include="Game\Shader\StageEffectGS.hlsl" />
    <FxCompile Include="Game\Shader\Trail\BulletTrailPS.hlsl" />
    <FxCompile Include="Game\Shader\Trail\BulletTrailVS.hlsl" />
    <FxCompile Include="Game\Shader\DamageEffectGS.hlsl" />
    <FxCompile Include="Game\Shader\DamageEffectPS.hlsl" />
    <FxCompile Include="Game\Shader\DamageEffectVS.hlsl" />
  </ItemGroup>
</Project>